
Microsoft Visual Studio Solution File, Format Version 12.00
# Visual Studio 15
VisualStudioVersion = 15.0.28307.102
MinimumVisualStudioVersion = 10.0.40219.1
Project("{2150E333-8FDC-42A3-9474-1A3956D46DE8}") = "tests", "tests", "{65A7D087-E8E4-4413-A9E2-C75C58CFD38C}"
EndProject
Project("{2150E333-8FDC-42A3-9474-1A3956D46DE8}") = "src", "src", "{B7FB58BC-6C77-47C7-B54A-AED5E00237A6}"
EndProject
Project("{9A19103F-16F7-4668-BE54-9A1E7A4F7556}") = "AOP.Fody", "src\AOP.Fody\AOP.Fody.csproj", "{E81DA820-A885-41EE-BA1F-822DBBDD351E}"
EndProject
Project("{9A19103F-16F7-4668-BE54-9A1E7A4F7556}") = "AOP.Tests.RuntimeAssets", "tests\AOP.Tests.RuntimeAssets\AOP.Tests.RuntimeAssets.csproj", "{4FA31455-BF38-4AC7-BBE2-E4C4E38A59FE}"
EndProject
Project("{9A19103F-16F7-4668-BE54-9A1E7A4F7556}") = "AOP.Tests.Runtime", "tests\AOP.Tests.Runtime\AOP.Tests.Runtime.csproj", "{D7B8B447-7692-44DD-AED5-425E6D60AE11}"
EndProject
Project("{9A19103F-16F7-4668-BE54-9A1E7A4F7556}") = "AssemblyToProcess", "tests\AssemblyToProcess\AssemblyToProcess.csproj", "{38978F3D-CAE0-435F-88BF-B6B0DA144011}"
EndProject
Project("{9A19103F-16F7-4668-BE54-9A1E7A4F7556}") = "AOP.Broker", "src\AOP.Broker\AOP.Broker.csproj", "{798EDE62-EDE2-41E2-8A67-9808798BAAAC}"
EndProject
Global
	GlobalSection(SolutionConfigurationPlatforms) = preSolution
		Debug|Any CPU = Debug|Any CPU
		Release|Any CPU = Release|Any CPU
	EndGlobalSection
	GlobalSection(ProjectConfigurationPlatforms) = postSolution
		{E81DA820-A885-41EE-BA1F-822DBBDD351E}.Debug|Any CPU.ActiveCfg = Debug|Any CPU
		{E81DA820-A885-41EE-BA1F-822DBBDD351E}.Debug|Any CPU.Build.0 = Debug|Any CPU
		{E81DA820-A885-41EE-BA1F-822DBBDD351E}.Release|Any CPU.ActiveCfg = Release|Any CPU
		{E81DA820-A885-41EE-BA1F-822DBBDD351E}.Release|Any CPU.Build.0 = Release|Any CPU
		{4FA31455-BF38-4AC7-BBE2-E4C4E38A59FE}.Debug|Any CPU.ActiveCfg = Debug|Any CPU
		{4FA31455-BF38-4AC7-BBE2-E4C4E38A59FE}.Debug|Any CPU.Build.0 = Debug|Any CPU
		{4FA31455-BF38-4AC7-BBE2-E4C4E38A59FE}.Release|Any CPU.ActiveCfg = Release|Any CPU
		{4FA31455-BF38-4AC7-BBE2-E4C4E38A59FE}.Release|Any CPU.Build.0 = Release|Any CPU
		{D7B8B447-7692-44DD-AED5-425E6D60AE11}.Debug|Any CPU.ActiveCfg = Debug|Any CPU
		{D7B8B447-7692-44DD-AED5-425E6D60AE11}.Debug|Any CPU.Build.0 = Debug|Any CPU
		{D7B8B447-7692-44DD-AED5-425E6D60AE11}.Release|Any CPU.ActiveCfg = Release|Any CPU
		{D7B8B447-7692-44DD-AED5-425E6D60AE11}.Release|Any CPU.Build.0 = Release|Any CPU
		{38978F3D-CAE0-435F-88BF-B6B0DA144011}.Debug|Any CPU.ActiveCfg = Debug|Any CPU
		{38978F3D-CAE0-435F-88BF-B6B0DA144011}.Debug|Any CPU.Build.0 = Debug|Any CPU
		{38978F3D-CAE0-435F-88BF-B6B0DA144011}.Release|Any CPU.ActiveCfg = Release|Any CPU
		{38978F3D-CAE0-435F-88BF-B6B0DA144011}.Release|Any CPU.Build.0 = Release|Any CPU
		{798EDE62-EDE2-41E2-8A67-9808798BAAAC}.Debug|Any CPU.ActiveCfg = Debug|Any CPU
		{798EDE62-EDE2-41E2-8A67-9808798BAAAC}.Debug|Any CPU.Build.0 = Debug|Any CPU
		{798EDE62-EDE2-41E2-8A67-9808798BAAAC}.Release|Any CPU.ActiveCfg = Release|Any CPU
		{798EDE62-EDE2-41E2-8A67-9808798BAAAC}.Release|Any CPU.Build.0 = Release|Any CPU
	EndGlobalSection
	GlobalSection(SolutionProperties) = preSolution
		HideSolutionNode = FALSE
	EndGlobalSection
	GlobalSection(NestedProjects) = preSolution
		{E81DA820-A885-41EE-BA1F-822DBBDD351E} = {B7FB58BC-6C77-47C7-B54A-AED5E00237A6}
		{4FA31455-BF38-4AC7-BBE2-E4C4E38A59FE} = {65A7D087-E8E4-4413-A9E2-C75C58CFD38C}
		{D7B8B447-7692-44DD-AED5-425E6D60AE11} = {65A7D087-E8E4-4413-A9E2-C75C58CFD38C}
		{38978F3D-CAE0-435F-88BF-B6B0DA144011} = {65A7D087-E8E4-4413-A9E2-C75C58CFD38C}
		{798EDE62-EDE2-41E2-8A67-9808798BAAAC} = {B7FB58BC-6C77-47C7-B54A-AED5E00237A6}
	EndGlobalSection
	GlobalSection(ExtensibilityGlobals) = postSolution
		SolutionGuid = {ADC10EA2-1147-4525-838E-639B2D7BE69B}
	EndGlobalSection
EndGlobal
